{
  "nodes": {
    "flake-utils": {
      "locked": {
        "lastModified": 1653893745,
        "narHash": "sha256-0jntwV3Z8//YwuOjzhV2sgJJPt+HY6KhU7VZUL0fKZQ=",
        "owner": "numtide",
        "repo": "flake-utils",
        "rev": "1ed9fb1935d260de5fe1c2f7ee0ebaae17ed2fa1",
        "type": "github"
      },
      "original": {
        "owner": "numtide",
        "repo": "flake-utils",
        "type": "github"
      }
    },
    "nixpkgs": {
      "locked": {
        "lastModified": 1699732435,
        "narHash": "sha256-rwZdBjf5IkJIGupYXr+TG5IgPkJI+jOtOatAC5x9onk=",
        "owner": "nixos",
        "repo": "nixpkgs",
        "rev": "703b9db6c5154530264bd7b6b09552596d0e5ede",
        "type": "github"
      },
      "original": {
        "owner": "nixos",
        "repo": "nixpkgs",
        "type": "github"
      }
    },
    "pre-commit-hooks": {
      "inputs": {
        "flake-utils": ["flake-utils"],
        "nixpkgs": ["nixpkgs"]
      },
      "locked": {
        "lastModified": 1667682049,
        "narHash": "sha256-SJu+8wV5A9ap6otFi9ZNTSLXQJbvFiA1q2XItrt9gJ8=",
        "owner": "cachix",
        "repo": "pre-commit-hooks.nix",
        "rev": "cc21c7981d2ab9aa2f00e211ef8c6a0af1d31905",
        "type": "github"
      },
      "original": {
        "owner": "cachix",
        "repo": "pre-commit-hooks.nix",
        "type": "github"
      }
    },
    "root": {
      "inputs": {
        "flake-utils": "flake-utils",
        "nixpkgs": "nixpkgs",
        "pre-commit-hooks": "pre-commit-hooks"
      }
    }
  },
  "root": "root",
  "version": 7
}
